
Microsoft Visual Studio Solution File, Format Version 12.00
# Visual Studio Version 16
VisualStudioVersion = 16.0.29728.190
MinimumVisualStudioVersion = 10.0.40219.1
Project("{9A19103F-16F7-4668-BE54-9A1E7A4F7556}") = "TableBuilder.Program", "TableBuilderProgram\TableBuilder.Program.csproj", "{4E1650E5-4614-475C-B003-591CB7E882E8}"
EndProject
Project("{FAE04EC0-301F-11D3-BF4B-00C04F79EFBC}") = "TableBuilder", "TableBuilder\TableBuilder.csproj", "{05A9F472-2057-48AD-95AE-20835CC12292}"
EndProject
Global
	GlobalSection(SolutionConfigurationPlatforms) = preSolution
		Debug|Any CPU = Debug|Any CPU
		Release|Any CPU = Release|Any CPU
	EndGlobalSection
	GlobalSection(ProjectConfigurationPlatforms) = postSolution
		{4E1650E5-4614-475C-B003-591CB7E882E8}.Debug|Any CPU.ActiveCfg = Debug|Any CPU
		{4E1650E5-4614-475C-B003-591CB7E882E8}.Debug|Any CPU.Build.0 = Debug|Any CPU
		{4E1650E5-4614-475C-B003-591CB7E882E8}.Release|Any CPU.ActiveCfg = Release|Any CPU
		{4E1650E5-4614-475C-B003-591CB7E882E8}.Release|Any CPU.Build.0 = Release|Any CPU
		{05A9F472-2057-48AD-95AE-20835CC12292}.Debug|Any CPU.ActiveCfg = Debug|Any CPU
		{05A9F472-2057-48AD-95AE-20835CC12292}.Debug|Any CPU.Build.0 = Debug|Any CPU
		{05A9F472-2057-48AD-95AE-20835CC12292}.Release|Any CPU.ActiveCfg = Release|Any CPU
		{05A9F472-2057-48AD-95AE-20835CC12292}.Release|Any CPU.Build.0 = Release|Any CPU
	EndGlobalSection
	GlobalSection(SolutionProperties) = preSolution
		HideSolutionNode = FALSE
	EndGlobalSection
	GlobalSection(ExtensibilityGlobals) = postSolution
		SolutionGuid = {A1C1ACC6-89B0-4BAA-A814-FBB0A00EF768}
	EndGlobalSection
EndGlobal
